
Microsoft Visual Studio Solution File, Format Version 12.00
# Visual Studio 15
VisualStudioVersion = 15.0.28010.2026
MinimumVisualStudioVersion = 10.0.40219.1
Project("{FAE04EC0-301F-11D3-BF4B-00C04F79EFBC}") = "AttentiTest", "AttentiTest\AttentiTest.csproj", "{73DB0280-3353-477F-B0A8-3559C730C9AA}"
EndProject
Global
	GlobalSection(SolutionConfigurationPlatforms) = preSolution
		Debug|Any CPU = Debug|Any CPU
		Release|Any CPU = Release|Any CPU
	EndGlobalSection
	GlobalSection(ProjectConfigurationPlatforms) = postSolution
		{73DB0280-3353-477F-B0A8-3559C730C9AA}.Debug|Any CPU.ActiveCfg = Debug|Any CPU
		{73DB0280-3353-477F-B0A8-3559C730C9AA}.Debug|Any CPU.Build.0 = Debug|Any CPU
		{73DB0280-3353-477F-B0A8-3559C730C9AA}.Release|Any CPU.ActiveCfg = Release|Any CPU
		{73DB0280-3353-477F-B0A8-3559C730C9AA}.Release|Any CPU.Build.0 = Release|Any CPU
	EndGlobalSection
	GlobalSection(SolutionProperties) = preSolution
		HideSolutionNode = FALSE
	EndGlobalSection
	GlobalSection(ExtensibilityGlobals) = postSolution
		SolutionGuid = {7807CFF5-0CDD-40FF-A1A5-36EC2A5030CE}
	EndGlobalSection
EndGlobal
